
Microsoft Visual Studio Solution File, Format Version 12.00
# Visual Studio 15
VisualStudioVersion = 15.0.28010.2019
MinimumVisualStudioVersion = 10.0.40219.1
Project("{FAE04EC0-301F-11D3-BF4B-00C04F79EFBC}") = "DSXsharp", "DSXsharp.csproj", "{F5C81136-3D38-40B2-883B-088F055BDFDC}"
EndProject
Project("{FAE04EC0-301F-11D3-BF4B-00C04F79EFBC}") = "DSXsharp.Tests", "..\DSXsharp.Tests\DSXsharp.Tests.csproj", "{2FA081AD-270A-475E-BAA7-EE08D893EF0C}"
EndProject
Global
	GlobalSection(SolutionConfigurationPlatforms) = preSolution
		Debug|Any CPU = Debug|Any CPU
		Release|Any CPU = Release|Any CPU
	EndGlobalSection
	GlobalSection(ProjectConfigurationPlatforms) = postSolution
		{F5C81136-3D38-40B2-883B-088F055BDFDC}.Debug|Any CPU.ActiveCfg = Debug|Any CPU
		{F5C81136-3D38-40B2-883B-088F055BDFDC}.Debug|Any CPU.Build.0 = Debug|Any CPU
		{F5C81136-3D38-40B2-883B-088F055BDFDC}.Release|Any CPU.ActiveCfg = Release|Any CPU
		{F5C81136-3D38-40B2-883B-088F055BDFDC}.Release|Any CPU.Build.0 = Release|Any CPU
		{2FA081AD-270A-475E-BAA7-EE08D893EF0C}.Debug|Any CPU.ActiveCfg = Debug|Any CPU
		{2FA081AD-270A-475E-BAA7-EE08D893EF0C}.Debug|Any CPU.Build.0 = Debug|Any CPU
		{2FA081AD-270A-475E-BAA7-EE08D893EF0C}.Release|Any CPU.ActiveCfg = Release|Any CPU
		{2FA081AD-270A-475E-BAA7-EE08D893EF0C}.Release|Any CPU.Build.0 = Release|Any CPU
	EndGlobalSection
	GlobalSection(SolutionProperties) = preSolution
		HideSolutionNode = FALSE
	EndGlobalSection
	GlobalSection(ExtensibilityGlobals) = postSolution
		SolutionGuid = {4CD0D693-C55E-4DD4-9B60-29B9A2EE5D00}
	EndGlobalSection
EndGlobal
